devDependencies:
  '@types/node': 13.13.4
  '@types/vscode': 1.44.0
  js-yaml: 3.13.1
  typescript: 3.8.3
lockfileVersion: 5.1
packages:
  /@types/node/13.13.4:
    dev: true
    resolution:
      integrity: sha512-x26ur3dSXgv5AwKS0lNfbjpCakGIduWU1DU91Zz58ONRWrIKGunmZBNv4P7N+e27sJkiGDsw/3fT4AtsqQBrBA==
  /@types/vscode/1.44.0:
    dev: true
    resolution:
      integrity: sha512-WJZtZlinE3meRdH+I7wTsIhpz/GLhqEQwmPGeh4s1irWLwMzCeTV8WZ+pgPTwrDXoafVUWwo1LiZ9HJVHFlJSQ==
  /argparse/1.0.10:
    dependencies:
      sprintf-js: 1.0.3
    dev: true
    resolution:
      integrity: sha512-o5Roy6tNG4SL/FOkCAN6RzjiakZS25RLYFrcMttJqbdd8BWrnA+fGz57iN5Pb06pvBGvl5gQ0B48dJlslXvoTg==
  /esprima/4.0.1:
    dev: true
    engines:
      node: '>=4'
    hasBin: true
    resolution:
      integrity: sha512-eGuFFw7Upda+g4p+QHvnW0RyTX/SVeJBDM/gCtMARO0cLuT2HcEKnTPvhjV6aGeqrCB/sbNop0Kszm0jsaWU4A==
  /js-yaml/3.13.1:
    dependencies:
      argparse: 1.0.10
      esprima: 4.0.1
    dev: true
    hasBin: true
    resolution:
      integrity: sha512-YfbcO7jXDdyj0DGxYVSlSeQNHbD7XPWvrVWeVUujrQEoZzWJIRrCPoyk6kL6IAjAG2IolMK4T0hNUe0HOUs5Jw==
  /sprintf-js/1.0.3:
    dev: true
    resolution:
      integrity: sha1-BOaSb2YolTVPPdAVIDYzuFcpfiw=
  /typescript/3.8.3:
    dev: true
    engines:
      node: '>=4.2.0'
    hasBin: true
    resolution:
      integrity: sha512-MYlEfn5VrLNsgudQTVJeNaQFUAI7DkhnOjdpAp4T+ku1TfQClewlbSuTVHiA+8skNBgaf02TL/kLOvig4y3G8w==
specifiers:
  '@types/node': ^13.13.4
  '@types/vscode': ^1.44.0
  js-yaml: ^3.13.1
  typescript: ^3.8.3
